
Microsoft Visual Studio Solution File, Format Version 12.00
# Visual Studio 15
VisualStudioVersion = 15.0.27703.2035
MinimumVisualStudioVersion = 10.0.40219.1
Project("{9A19103F-16F7-4668-BE54-9A1E7A4F7556}") = "Just.Anarchy", "Just.Anarchy\Just.Anarchy.csproj", "{EAB2E4AE-0AE1-4589-BB1C-EA2F18D9FEBC}"
EndProject
Global
	GlobalSection(SolutionConfigurationPlatforms) = preSolution
		Debug|Any CPU = Debug|Any CPU
		Release|Any CPU = Release|Any CPU
	EndGlobalSection
	GlobalSection(ProjectConfigurationPlatforms) = postSolution
		{EAB2E4AE-0AE1-4589-BB1C-EA2F18D9FEBC}.Debug|Any CPU.ActiveCfg = Debug|Any CPU
		{EAB2E4AE-0AE1-4589-BB1C-EA2F18D9FEBC}.Debug|Any CPU.Build.0 = Debug|Any CPU
		{EAB2E4AE-0AE1-4589-BB1C-EA2F18D9FEBC}.Release|Any CPU.ActiveCfg = Release|Any CPU
		{EAB2E4AE-0AE1-4589-BB1C-EA2F18D9FEBC}.Release|Any CPU.Build.0 = Release|Any CPU
	EndGlobalSection
	GlobalSection(SolutionProperties) = preSolution
		HideSolutionNode = FALSE
	EndGlobalSection
	GlobalSection(ExtensibilityGlobals) = postSolution
		SolutionGuid = {1BFD7F58-41A2-4A3F-8087-44566B2DC6C4}
	EndGlobalSection
EndGlobal
