
Microsoft Visual Studio Solution File, Format Version 12.00
# Visual Studio 15
VisualStudioVersion = 15.0.27703.2035
MinimumVisualStudioVersion = 10.0.40219.1
Project("{9A19103F-16F7-4668-BE54-9A1E7A4F7556}") = "Just.Anarchy", "Just.Anarchy\Just.Anarchy.csproj", "{EAB2E4AE-0AE1-4589-BB1C-EA2F18D9FEBC}"
EndProject
Project("{9A19103F-16F7-4668-BE54-9A1E7A4F7556}") = "Just.ContainedAnarchy", "Just.ContainedAnarchy\Just.ContainedAnarchy.csproj", "{553D5743-7696-42CA-89A2-7963AE747471}"
EndProject
Project("{9A19103F-16F7-4668-BE54-9A1E7A4F7556}") = "Just.Anarchy.Test.Unit", "Just.Anarchy.Test.Unit\Just.Anarchy.Test.Unit.csproj", "{3238A8A2-CB51-40B5-8075-A79F9D0D7A2E}"
EndProject
Project("{9A19103F-16F7-4668-BE54-9A1E7A4F7556}") = "Just.Anarchy.Test.Integration", "Just.Anarchy.Test.Integration\Just.Anarchy.Test.Integration.csproj", "{72B52731-FCF2-4C9B-9C60-57E08709BAD7}"
EndProject
Project("{FAE04EC0-301F-11D3-BF4B-00C04F79EFBC}") = "Just.Anarchy.Test.Common", "Just.Anarchy.Test.Common\Just.Anarchy.Test.Common.csproj", "{04FA3AE5-6CEC-469E-9900-F5CEB2473EA5}"
EndProject
Global
	GlobalSection(SolutionConfigurationPlatforms) = preSolution
		Debug|Any CPU = Debug|Any CPU
		Release|Any CPU = Release|Any CPU
	EndGlobalSection
	GlobalSection(ProjectConfigurationPlatforms) = postSolution
		{EAB2E4AE-0AE1-4589-BB1C-EA2F18D9FEBC}.Debug|Any CPU.ActiveCfg = Debug|Any CPU
		{EAB2E4AE-0AE1-4589-BB1C-EA2F18D9FEBC}.Debug|Any CPU.Build.0 = Debug|Any CPU
		{EAB2E4AE-0AE1-4589-BB1C-EA2F18D9FEBC}.Release|Any CPU.ActiveCfg = Release|Any CPU
		{EAB2E4AE-0AE1-4589-BB1C-EA2F18D9FEBC}.Release|Any CPU.Build.0 = Release|Any CPU
		{553D5743-7696-42CA-89A2-7963AE747471}.Debug|Any CPU.ActiveCfg = Debug|Any CPU
		{553D5743-7696-42CA-89A2-7963AE747471}.Debug|Any CPU.Build.0 = Debug|Any CPU
		{553D5743-7696-42CA-89A2-7963AE747471}.Release|Any CPU.ActiveCfg = Release|Any CPU
		{553D5743-7696-42CA-89A2-7963AE747471}.Release|Any CPU.Build.0 = Release|Any CPU
		{3238A8A2-CB51-40B5-8075-A79F9D0D7A2E}.Debug|Any CPU.ActiveCfg = Debug|Any CPU
		{3238A8A2-CB51-40B5-8075-A79F9D0D7A2E}.Debug|Any CPU.Build.0 = Debug|Any CPU
		{3238A8A2-CB51-40B5-8075-A79F9D0D7A2E}.Release|Any CPU.ActiveCfg = Release|Any CPU
		{3238A8A2-CB51-40B5-8075-A79F9D0D7A2E}.Release|Any CPU.Build.0 = Release|Any CPU
		{72B52731-FCF2-4C9B-9C60-57E08709BAD7}.Debug|Any CPU.ActiveCfg = Debug|Any CPU
		{72B52731-FCF2-4C9B-9C60-57E08709BAD7}.Debug|Any CPU.Build.0 = Debug|Any CPU
		{72B52731-FCF2-4C9B-9C60-57E08709BAD7}.Release|Any CPU.ActiveCfg = Release|Any CPU
		{72B52731-FCF2-4C9B-9C60-57E08709BAD7}.Release|Any CPU.Build.0 = Release|Any CPU
		{04FA3AE5-6CEC-469E-9900-F5CEB2473EA5}.Debug|Any CPU.ActiveCfg = Debug|Any CPU
		{04FA3AE5-6CEC-469E-9900-F5CEB2473EA5}.Debug|Any CPU.Build.0 = Debug|Any CPU
		{04FA3AE5-6CEC-469E-9900-F5CEB2473EA5}.Release|Any CPU.ActiveCfg = Release|Any CPU
		{04FA3AE5-6CEC-469E-9900-F5CEB2473EA5}.Release|Any CPU.Build.0 = Release|Any CPU
	EndGlobalSection
	GlobalSection(SolutionProperties) = preSolution
		HideSolutionNode = FALSE
	EndGlobalSection
	GlobalSection(ExtensibilityGlobals) = postSolution
		SolutionGuid = {1BFD7F58-41A2-4A3F-8087-44566B2DC6C4}
	EndGlobalSection
EndGlobal
